
Microsoft Visual Studio Solution File, Format Version 12.00
# Visual Studio 15
VisualStudioVersion = 15.0.27130.2027
MinimumVisualStudioVersion = 10.0.40219.1
Project("{FAE04EC0-301F-11D3-BF4B-00C04F79EFBC}") = "GlazerCalculation", "GlazerCalculation\GlazerCalculation.csproj", "{3CBC7EA6-C521-4C97-84A1-94F821B86C2E}"
EndProject
Project("{2150E333-8FDC-42A3-9474-1A3956D46DE8}") = "Solution Items", "Solution Items", "{076B6E92-04BE-4EF7-B7DF-2CD7FD9FB031}"
EndProject
Global
	GlobalSection(SolutionConfigurationPlatforms) = preSolution
		Debug|ARM = Debug|ARM
		Debug|x64 = Debug|x64
		Debug|x86 = Debug|x86
		Release|ARM = Release|ARM
		Release|x64 = Release|x64
		Release|x86 = Release|x86
	EndGlobalSection
	GlobalSection(ProjectConfigurationPlatforms) = postSolution
		{3CBC7EA6-C521-4C97-84A1-94F821B86C2E}.Debug|ARM.ActiveCfg = Debug|ARM
		{3CBC7EA6-C521-4C97-84A1-94F821B86C2E}.Debug|ARM.Build.0 = Debug|ARM
		{3CBC7EA6-C521-4C97-84A1-94F821B86C2E}.Debug|ARM.Deploy.0 = Debug|ARM
		{3CBC7EA6-C521-4C97-84A1-94F821B86C2E}.Debug|x64.ActiveCfg = Debug|x64
		{3CBC7EA6-C521-4C97-84A1-94F821B86C2E}.Debug|x64.Build.0 = Debug|x64
		{3CBC7EA6-C521-4C97-84A1-94F821B86C2E}.Debug|x64.Deploy.0 = Debug|x64
		{3CBC7EA6-C521-4C97-84A1-94F821B86C2E}.Debug|x86.ActiveCfg = Debug|x86
		{3CBC7EA6-C521-4C97-84A1-94F821B86C2E}.Debug|x86.Build.0 = Debug|x86
		{3CBC7EA6-C521-4C97-84A1-94F821B86C2E}.Debug|x86.Deploy.0 = Debug|x86
		{3CBC7EA6-C521-4C97-84A1-94F821B86C2E}.Release|ARM.ActiveCfg = Release|ARM
		{3CBC7EA6-C521-4C97-84A1-94F821B86C2E}.Release|ARM.Build.0 = Release|ARM
		{3CBC7EA6-C521-4C97-84A1-94F821B86C2E}.Release|ARM.Deploy.0 = Release|ARM
		{3CBC7EA6-C521-4C97-84A1-94F821B86C2E}.Release|x64.ActiveCfg = Release|x64
		{3CBC7EA6-C521-4C97-84A1-94F821B86C2E}.Release|x64.Build.0 = Release|x64
		{3CBC7EA6-C521-4C97-84A1-94F821B86C2E}.Release|x64.Deploy.0 = Release|x64
		{3CBC7EA6-C521-4C97-84A1-94F821B86C2E}.Release|x86.ActiveCfg = Release|x86
		{3CBC7EA6-C521-4C97-84A1-94F821B86C2E}.Release|x86.Build.0 = Release|x86
		{3CBC7EA6-C521-4C97-84A1-94F821B86C2E}.Release|x86.Deploy.0 = Release|x86
	EndGlobalSection
	GlobalSection(SolutionProperties) = preSolution
		HideSolutionNode = FALSE
	EndGlobalSection
	GlobalSection(ExtensibilityGlobals) = postSolution
		SolutionGuid = {881B770A-1E63-4A8A-9004-59B26BD29A5E}
	EndGlobalSection
EndGlobal
